
Microsoft Visual Studio Solution File, Format Version 12.00
# Visual Studio 14
VisualStudioVersion = 14.0.23107.0
MinimumVisualStudioVersion = 10.0.40219.1
Project("{FAE04EC0-301F-11D3-BF4B-00C04F79EFBC}") = "maktabkhooneh_link_finder", "maktabkhooneh_link_finder\maktabkhooneh_link_finder.csproj", "{0A324A85-08BE-4AA8-BBF0-2008D3248510}"
EndProject
Global
	GlobalSection(SolutionConfigurationPlatforms) = preSolution
		Debug|Any CPU = Debug|Any CPU
		Release|Any CPU = Release|Any CPU
	EndGlobalSection
	GlobalSection(ProjectConfigurationPlatforms) = postSolution
		{0A324A85-08BE-4AA8-BBF0-2008D3248510}.Debug|Any CPU.ActiveCfg = Release|Any CPU
		{0A324A85-08BE-4AA8-BBF0-2008D3248510}.Debug|Any CPU.Build.0 = Release|Any CPU
		{0A324A85-08BE-4AA8-BBF0-2008D3248510}.Release|Any CPU.ActiveCfg = Release|Any CPU
		{0A324A85-08BE-4AA8-BBF0-2008D3248510}.Release|Any CPU.Build.0 = Release|Any CPU
	EndGlobalSection
	GlobalSection(SolutionProperties) = preSolution
		HideSolutionNode = FALSE
	EndGlobalSection
EndGlobal
